#MicroXplorer Configuration settings - do not modify
#Sat Oct 25 01:29:44 CEST 2014
ADC.Channel-0\#ChannelRegularConversion=ADC_CHANNEL_2
ADC.IPParameters=Rank-0\#ChannelRegularConversion,SamplingTime-0\#ChannelRegularConversion,Channel-0\#ChannelRegularConversion,NbrOfConversionFlag
ADC.NbrOfConversionFlag=1
ADC.Rank-0\#ChannelRegularConversion=1
ADC.SamplingTime-0\#ChannelRegularConversion=ADC_SAMPLETIME_1CYCLE_5
File.Version=4
I2C1.IPParameters=Timing-I2C
I2C1.Timing-I2C=0x2000090E
KeepUserPlacement=true
Mcu.Family=STM32F0
Mcu.IP0=ADC
Mcu.IP1=CRC
Mcu.IP10=USART1
Mcu.IP2=DAC1
Mcu.IP3=I2C1
Mcu.IP4=IWDG
Mcu.IP5=NVIC
Mcu.IP6=RCC
Mcu.IP7=SPI1
Mcu.IP8=SYS
Mcu.IP9=TIM3
Mcu.IPNb=11
Mcu.Name=STM32F051C6Tx
Mcu.Package=LQFP48
Mcu.Pin0=PC13
Mcu.Pin1=PC14-OSC32_IN
Mcu.Pin10=PA9
Mcu.Pin11=PA10
Mcu.Pin12=PA11
Mcu.Pin13=PA12
Mcu.Pin14=PA13
Mcu.Pin15=PF7
Mcu.Pin16=PA14
Mcu.Pin17=PA15
Mcu.Pin18=PB3
Mcu.Pin19=PB5
Mcu.Pin2=PC15-OSC32_OUT
Mcu.Pin20=PB8
Mcu.Pin21=PB9
Mcu.Pin22=VP_CRC_VS_CRC
Mcu.Pin23=VP_IWDG_VS_IWDG
Mcu.Pin3=PA2
Mcu.Pin4=PA4
Mcu.Pin5=PB1
Mcu.Pin6=PB12
Mcu.Pin7=PB13
Mcu.Pin8=PB14
Mcu.Pin9=PB15
Mcu.PinsNb=24
Mcu.UserName=STM32F051C6Tx
NVIC.SysTick_IRQn=true\:0\:0
PA10.Mode=Asynchronous
PA10.Signal=USART1_RX
PA11.GPIOParameters=GPIO_Label
PA11.GPIO_Label=OLED_D/C
PA11.Locked=true
PA11.Signal=GPIO_Output
PA12.GPIOParameters=GPIO_Label
PA12.GPIO_Label=OLED_NRST
PA12.Locked=true
PA12.Signal=GPIO_Output
PA13.Mode=Serial-WireDebug
PA13.Signal=SYS_SWDIO
PA14.Mode=Serial-WireDebug
PA14.Signal=SYS_SWCLK
PA15.Locked=true
PA15.Mode=NSS_Signal_Hard
PA15.Signal=SPI1_NSS
PA2.Locked=true
PA2.Mode=IN2
PA2.Signal=ADC_IN2
PA4.Signal=COMP_DAC11_group
PA9.Mode=Asynchronous
PA9.Signal=USART1_TX
PB1.GPIOParameters=GPIO_Label
PB1.GPIO_Label=PULSE_OUT
PB1.Locked=true
PB1.Signal=S_TIM3_CH4
PB12.GPIOParameters=GPIO_Label
PB12.GPIO_Label=ESP_GPIO0
PB12.Locked=true
PB12.Signal=GPIO_Output
PB13.GPIOParameters=GPIO_Label
PB13.GPIO_Label=ESP_GPIO2
PB13.Locked=true
PB13.Signal=GPIO_Output
PB14.GPIOParameters=GPIO_Label
PB14.GPIO_Label=ESP_GPIO15
PB14.Locked=true
PB14.Signal=GPIO_Output
PB15.GPIOParameters=GPIO_Label
PB15.GPIO_Label=ESP_EN
PB15.Locked=true
PB15.Signal=GPIO_Output
PB3.Locked=true
PB3.Mode=TX_Only_Simplex_Unidirect_Master
PB3.Signal=SPI1_SCK
PB5.Locked=true
PB5.Mode=TX_Only_Simplex_Unidirect_Master
PB5.Signal=SPI1_MOSI
PB8.Locked=true
PB8.Mode=I2C
PB8.Signal=I2C1_SCL
PB9.Locked=true
PB9.Mode=I2C
PB9.Signal=I2C1_SDA
PC13.GPIOParameters=GPIO_Label
PC13.GPIO_Label=SW2
PC13.Locked=true
PC13.Signal=GPIO_Input
PC14-OSC32_IN.GPIOParameters=GPIO_Label
PC14-OSC32_IN.GPIO_Label=SW1
PC14-OSC32_IN.Locked=true
PC14-OSC32_IN.Signal=GPIO_Input
PC15-OSC32_OUT.GPIOParameters=GPIO_Label
PC15-OSC32_OUT.GPIO_Label=SW3
PC15-OSC32_OUT.Locked=true
PC15-OSC32_OUT.Signal=GPIO_Input
PCC.Family=STM32F0
PCC.MCU=STM32F051C6Tx
PCC.MXVersion=4.3.1
PCC.PartNumber=STM32F051C6Tx
PCC.Seq0=0
PCC.SubFamily=STM32F0x1
PCC.Temperature=25
PCC.Vdd=3.6
PF7.GPIOParameters=GPIO_Label
PF7.GPIO_Label=9V_EN
PF7.Locked=true
PF7.Signal=GPIO_Output
RCC.FamilyName=M
RCC.HSE_VALUE=16000000
RCC.IPParameters=,FamilyName,SYSCLKSource,HSE_VALUE,PLLMUL,PLLSource
RCC.PLLMUL=RCC_PLL_MUL3
RCC.PLLSource=RCC_PLLSOURCE_HSE
RCC.SYSCLKSource=RCC_SYSCLKSOURCE_PLLCLK
SH.COMP_DAC11_group.0=DAC1_OUT1,DAC_OUT1
SH.COMP_DAC11_group.ConfNb=1
SH.S_TIM3_CH4.0=TIM3_CH4,Output Compare4 CH4
SH.S_TIM3_CH4.ConfNb=1
SPI1.IPParameters=VirtualNSS,Mode-TX_Only_Simplex_Unidirect_Master
SPI1.Mode-TX_Only_Simplex_Unidirect_Master=SPI_MODE_MASTER
SPI1.VirtualNSS=VM_NSSHARD
TIM3.Channel-Output\ Compare4\ CH4=TIM_CHANNEL_4
TIM3.IPParameters=Channel-Output Compare4 CH4
VP_CRC_VS_CRC.Mode=CRC_Activate
VP_CRC_VS_CRC.Signal=CRC_VS_CRC
VP_IWDG_VS_IWDG.Mode=IWDG_Activate
VP_IWDG_VS_IWDG.Signal=IWDG_VS_IWDG
